{
    "name": "thingrtc-peer",
    "version": "0.0.0",
    "lockfileVersion": 1,
    "requires": true,
    "dependencies": {
        "axios": {
            "version": "0.21.1",
            "resolved": "https://registry.npmjs.org/axios/-/axios-0.21.1.tgz",
            "integrity": "sha512-dKQiRHxGD9PPRIUNIWvZhPTPpl1rf/OxTYKsqKUDjBwYylTvV7SjSHJb9ratfyzM6wCdLCOYLzs73qpg5c4iGA==",
            "requires": {
                "follow-redirects": "^1.10.0"
            }
        },
        "follow-redirects": {
            "version": "1.14.0",
            "resolved": "https://registry.npmjs.org/follow-redirects/-/follow-redirects-1.14.0.tgz",
            "integrity": "sha512-0vRwd7RKQBTt+mgu87mtYeofLFZpTas2S9zY+jIeuLJMNvudIgF52nr19q40HOwH5RrhWIPuj9puybzSJiRrVg=="
        },
        "idb-keyval": {
            "version": "5.0.5",
            "resolved": "https://registry.npmjs.org/idb-keyval/-/idb-keyval-5.0.5.tgz",
            "integrity": "sha512-cqi65rrjhgPExI9vmSU7VcYEbHCUfIBY+9YUWxyr0PyGizptFgGFnvZQ0w+tqOXk1lUcGCZGVLfabf7QnR2S0g=="
        },
        "typescript": {
            "version": "4.1.3",
            "resolved": "https://registry.npmjs.org/typescript/-/typescript-4.1.3.tgz",
            "integrity": "sha512-B3ZIOf1IKeH2ixgHhj6la6xdwR9QrLC5d1VKeCSY4tvkqhF2eqd9O7txNlS0PO3GrBAFIdr3L1ndNwteUbZLYg==",
            "dev": true
        }
    }
}
