{
    "name": "thingrtc-deno-deploy",
    "lockfileVersion": 3,
    "requires": true,
    "packages": {
        "": {
            "name": "thingrtc-deno-deploy",
            "dependencies": {
                "thingrtc-pairing-server": "file:../../pairing-server",
                "thingrtc-signalling-server": "file:../../signalling-server"
            }
        },
        "../../pairing-server": {
            "name": "thingrtc-pairing-server",
            "version": "0.0.0",
            "hasInstallScript": true,
            "dependencies": {
                "jose": "^4.1.1",
                "nanoid": "^3.1.22",
                "zod": "^3.24.2"
            },
            "devDependencies": {
                "@types/chai": "^4.2.14",
                "@types/chai-as-promised": "^7.1.4",
                "@types/mocha": "^8.0.4",
                "@types/node": "^22.13.10",
                "@types/sinon": "^9.0.10",
                "chai": "^4.2.0",
                "chai-as-promised": "^7.1.1",
                "esbuild": "^0.17.3",
                "mocha": "^8.2.1",
                "sinon": "^9.2.2",
                "ts-node": "^9.1.1",
                "typescript": "^5.8.2"
            }
        },
        "../../signalling-server": {
            "name": "thingrtc-signalling-server",
            "version": "0.0.0",
            "hasInstallScript": true,
            "dependencies": {
                "jose": "^4.1.1"
            },
            "devDependencies": {
                "@types/chai": "^4.2.14",
                "@types/chai-as-promised": "^7.1.4",
                "@types/mocha": "^8.0.4",
                "@types/sinon": "^9.0.10",
                "chai": "^4.2.0",
                "chai-as-promised": "^7.1.1",
                "esbuild": "^0.17.0",
                "mocha": "^8.2.1",
                "sinon": "^9.2.2",
                "ts-node": "^9.1.1",
                "typescript": "^4.0.5"
            }
        },
        "node_modules/thingrtc-pairing-server": {
            "resolved": "../../pairing-server",
            "link": true
        },
        "node_modules/thingrtc-signalling-server": {
            "resolved": "../../signalling-server",
            "link": true
        }
    }
}
